// !$*UTF8*$!
{
	archiveVersion = 1;
	classes = {
	};
	objectVersion = 46;
	objects = {

/* Begin PBXBuildFile section */
		496563181BA27C5C008F02D1 /* AppDelegate.swift in Sources */ = {isa = PBXBuildFile; fileRef = 496563171BA27C5C008F02D1 /* AppDelegate.swift */; };
		4965631A1BA27C5C008F02D1 /* ViewController.swift in Sources */ = {isa = PBXBuildFile; fileRef = 496563191BA27C5C008F02D1 /* ViewController.swift */; };
		4965631D1BA27C5C008F02D1 /* Main.storyboard in Resources */ = {isa = PBXBuildFile; fileRef = 4965631B1BA27C5C008F02D1 /* Main.storyboard */; };
		4965631F1BA27C5C008F02D1 /* Images.xcassets in Resources */ = {isa = PBXBuildFile; fileRef = 4965631E1BA27C5C008F02D1 /* Images.xcassets */; };
		496563221BA27C5C008F02D1 /* LaunchScreen.xib in Resources */ = {isa = PBXBuildFile; fileRef = 496563201BA27C5C008F02D1 /* LaunchScreen.xib */; };
		4965632E1BA27C5C008F02D1 /* TwitterDemoTests.swift in Sources */ = {isa = PBXBuildFile; fileRef = 4965632D1BA27C5C008F02D1 /* TwitterDemoTests.swift */; };
/* End PBXBuildFile section */

/* Begin PBXContainerItemProxy section */
		496563281BA27C5C008F02D1 /* PBXContainerItemProxy */ = {
			isa = PBXContainerItemProxy;
			containerPortal = 4965630A1BA27C5C008F02D1 /* Project object */;
			proxyType = 1;
			remoteGlobalIDString = 496563111BA27C5C008F02D1;
			remoteInfo = TwitterDemo;
		};
/* End PBXContainerItemProxy section */

/* Begin PBXFileReference section */
		496563121BA27C5C008F02D1 /* TwitterDemo.app */ = {isa = PBXFileReference; explicitFileType = wrapper.application; includeInIndex = 0; path = TwitterDemo.app; sourceTree = BUILT_PRODUCTS_DIR; };
		496563161BA27C5C008F02D1 /* Info.plist */ = {isa = PBXFileReference; lastKnownFileType = text.plist.xml; path = Info.plist; sourceTree = "<group>"; };
		496563171BA27C5C008F02D1 /* AppDelegate.swift */ = {isa = PBXFileReference; lastKnownFileType = sourcecode.swift; path = AppDelegate.swift; sourceTree = "<group>"; };
		496563191BA27C5C008F02D1 /* ViewController.swift */ = {isa = PBXFileReference; lastKnownFileType = sourcecode.swift; path = ViewController.swift; sourceTree = "<group>"; };
		4965631C1BA27C5C008F02D1 /* Base */ = {isa = PBXFileReference; lastKnownFileType = file.storyboard; name = Base; path = Base.lproj/Main.storyboard; sourceTree = "<group>"; };
		4965631E1BA27C5C008F02D1 /* Images.xcassets */ = {isa = PBXFileReference; lastKnownFileType = folder.assetcatalog; path = Images.xcassets; sourceTree = "<group>"; };
		496563211BA27C5C008F02D1 /* Base */ = {isa = PBXFileReference; lastKnownFileType = file.xib; name = Base; path = Base.lproj/LaunchScreen.xib; sourceTree = "<group>"; };
		496563271BA27C5C008F02D1 /* TwitterDemoTests.xctest */ = {isa = PBXFileReference; explicitFileType = wrapper.cfbundle; includeInIndex = 0; path = TwitterDemoTests.xctest; sourceTree = BUILT_PRODUCTS_DIR; };
		4965632C1BA27C5C008F02D1 /* Info.plist */ = {isa = PBXFileReference; lastKnownFileType = text.plist.xml; path = Info.plist; sourceTree = "<group>"; };
		4965632D1BA27C5C008F02D1 /* TwitterDemoTests.swift */ = {isa = PBXFileReference; lastKnownFileType = sourcecode.swift; path = TwitterDemoTests.swift; sourceTree = "<group>"; };
/* End PBXFileReference section */

/* Begin PBXFrameworksBuildPhase section */
		4965630F1BA27C5C008F02D1 /* Frameworks */ = {
			isa = PBXFrameworksBuildPhase;
			buildActionMask = 2147483647;
			files = (
			);
			runOnlyForDeploymentPostprocessing = 0;
		};
		496563241BA27C5C008F02D1 /* Frameworks */ = {
			isa = PBXFrameworksBuildPhase;
			buildActionMask = 2147483647;
			files = (
			);
			runOnlyForDeploymentPostprocessing = 0;
		};
/* End PBXFrameworksBuildPhase section */

/* Begin PBXGroup section */
		496563091BA27C5C008F02D1 = {
			isa = PBXGroup;
			children = (
				496563141BA27C5C008F02D1 /* TwitterDemo */,
				4965632A1BA27C5C008F02D1 /* TwitterDemoTests */,
				496563131BA27C5C008F02D1 /* Products */,
			);
			sourceTree = "<group>";
		};
		496563131BA27C5C008F02D1 /* Products */ = {
			isa = PBXGroup;
			children = (
				496563121BA27C5C008F02D1 /* TwitterDemo.app */,
				496563271BA27C5C008F02D1 /* TwitterDemoTests.xctest */,
			);
			name = Products;
			sourceTree = "<group>";
		};
		496563141BA27C5C008F02D1 /* TwitterDemo */ = {
			isa = PBXGroup;
			children = (
				496563171BA27C5C008F02D1 /* AppDelegate.swift */,
				496563191BA27C5C008F02D1 /* ViewController.swift */,
				4965631B1BA27C5C008F02D1 /* Main.storyboard */,
				4965631E1BA27C5C008F02D1 /* Images.xcassets */,
				496563201BA27C5C008F02D1 /* LaunchScreen.xib */,
				496563151BA27C5C008F02D1 /* Supporting Files */,
			);
			path = TwitterDemo;
			sourceTree = "<group>";
		};
		496563151BA27C5C008F02D1 /* Supporting Files */ = {
			isa = PBXGroup;
			children = (
				496563161BA27C5C008F02D1 /* Info.plist */,
			);
			name = "Supporting Files";
			sourceTree = "<group>";
		};
		4965632A1BA27C5C008F02D1 /* TwitterDemoTests */ = {
			isa = PBXGroup;
			children = (
				4965632D1BA27C5C008F02D1 /* TwitterDemoTests.swift */,
				4965632B1BA27C5C008F02D1 /* Supporting Files */,
			);
			path = TwitterDemoTests;
			sourceTree = "<group>";
		};
		4965632B1BA27C5C008F02D1 /* Supporting Files */ = {
			isa = PBXGroup;
			children = (
				4965632C1BA27C5C008F02D1 /* Info.plist */,
			);
			name = "Supporting Files";
			sourceTree = "<group>";
		};
/* End PBXGroup section */

/* Begin PBXNativeTarget section */
		496563111BA27C5C008F02D1 /* TwitterDemo */ = {
			isa = PBXNativeTarget;
			buildConfigurationList = 496563311BA27C5C008F02D1 /* Build configuration list for PBXNativeTarget "TwitterDemo" */;
			buildPhases = (
				4965630E1BA27C5C008F02D1 /* Sources */,
				4965630F1BA27C5C008F02D1 /* Frameworks */,
				496563101BA27C5C008F02D1 /* Resources */,
			);
			buildRules = (
			);
			dependencies = (
			);
			name = TwitterDemo;
			productName = TwitterDemo;
			productReference = 496563121BA27C5C008F02D1 /* TwitterDemo.app */;
			productType = "com.apple.product-type.application";
		};
		496563261BA27C5C008F02D1 /* TwitterDemoTests */ = {
			isa = PBXNativeTarget;
			buildConfigurationList = 496563341BA27C5C008F02D1 /* Build configuration list for PBXNativeTarget "TwitterDemoTests" */;
			buildPhases = (
				496563231BA27C5C008F02D1 /* Sources */,
				496563241BA27C5C008F02D1 /* Frameworks */,
				496563251BA27C5C008F02D1 /* Resources */,
			);
			buildRules = (
			);
			dependencies = (
				496563291BA27C5C008F02D1 /* PBXTargetDependency */,
			);
			name = TwitterDemoTests;
			productName = TwitterDemoTests;
			productReference = 496563271BA27C5C008F02D1 /* TwitterDemoTests.xctest */;
			productType = "com.apple.product-type.bundle.unit-test";
		};
/* End PBXNativeTarget section */

/* Begin PBXProject section */
		4965630A1BA27C5C008F02D1 /* Project object */ = {
			isa = PBXProject;
			attributes = {
				LastUpgradeCheck = 0640;
				ORGANIZATIONNAME = "Andrew Montgomery";
				TargetAttributes = {
					496563111BA27C5C008F02D1 = {
						CreatedOnToolsVersion = 6.4;
					};
					496563261BA27C5C008F02D1 = {
						CreatedOnToolsVersion = 6.4;
						TestTargetID = 496563111BA27C5C008F02D1;
					};
				};
			};
			buildConfigurationList = 4965630D1BA27C5C008F02D1 /* Build configuration list for PBXProject "TwitterDemo" */;
			compatibilityVersion = "Xcode 3.2";
			developmentRegion = English;
			hasScannedForEncodings = 0;
			knownRegions = (
				en,
				Base,
			);
			mainGroup = 496563091BA27C5C008F02D1;
			productRefGroup = 496563131BA27C5C008F02D1 /* Products */;
			projectDirPath = "";
			projectRoot = "";
			targets = (
				496563111BA27C5C008F02D1 /* TwitterDemo */,
				496563261BA27C5C008F02D1 /* TwitterDemoTests */,
			);
		};
/* End PBXProject section */

/* Begin PBXResourcesBuildPhase section */
		496563101BA27C5C008F02D1 /* Resources */ = {
			isa = PBXResourcesBuildPhase;
			buildActionMask = 2147483647;
			files = (
				4965631D1BA27C5C008F02D1 /* Main.storyboard in Resources */,
				496563221BA27C5C008F02D1 /* LaunchScreen.xib in Resources */,
				4965631F1BA27C5C008F02D1 /* Images.xcassets in Resources */,
			);
			runOnlyForDeploymentPostprocessing = 0;
		};
		496563251BA27C5C008F02D1 /* Resources */ = {
			isa = PBXResourcesBuildPhase;
			buildActionMask = 2147483647;
			files = (
			);
			runOnlyForDeploymentPostprocessing = 0;
		};
/* End PBXResourcesBuildPhase section */

/* Begin PBXSourcesBuildPhase section */
		4965630E1BA27C5C008F02D1 /* Sources */ = {
			isa = PBXSourcesBuildPhase;
			buildActionMask = 2147483647;
			files = (
				4965631A1BA27C5C008F02D1 /* ViewController.swift in Sources */,
				496563181BA27C5C008F02D1 /* AppDelegate.swift in Sources */,
			);
			runOnlyForDeploymentPostprocessing = 0;
		};
		496563231BA27C5C008F02D1 /* Sources */ = {
			isa = PBXSourcesBuildPhase;
			buildActionMask = 2147483647;
			files = (
				4965632E1BA27C5C008F02D1 /* TwitterDemoTests.swift in Sources */,
			);
			runOnlyForDeploymentPostprocessing = 0;
		};
/* End PBXSourcesBuildPhase section */

/* Begin PBXTargetDependency section */
		496563291BA27C5C008F02D1 /* PBXTargetDependency */ = {
			isa = PBXTargetDependency;
			target = 496563111BA27C5C008F02D1 /* TwitterDemo */;
			targetProxy = 496563281BA27C5C008F02D1 /* PBXContainerItemProxy */;
		};
/* End PBXTargetDependency section */

/* Begin PBXVariantGroup section */
		4965631B1BA27C5C008F02D1 /* Main.storyboard */ = {
			isa = PBXVariantGroup;
			children = (
				4965631C1BA27C5C008F02D1 /* Base */,
			);
			name = Main.storyboard;
			sourceTree = "<group>";
		};
		496563201BA27C5C008F02D1 /* LaunchScreen.xib */ = {
			isa = PBXVariantGroup;
			children = (
				496563211BA27C5C008F02D1 /* Base */,
			);
			name = LaunchScreen.xib;
			sourceTree = "<group>";
		};
/* End PBXVariantGroup section */

/* Begin XCBuildConfiguration section */
		4965632F1BA27C5C008F02D1 /* Debug */ = {
			isa = XCBuildConfiguration;
			buildSettings = {
				ALWAYS_SEARCH_USER_PATHS = NO;
				CLANG_CXX_LANGUAGE_STANDARD = "gnu++0x";
				CLANG_CXX_LIBRARY = "libc++";
				CLANG_ENABLE_MODULES = YES;
				CLANG_ENABLE_OBJC_ARC = YES;
				CLANG_WARN_BOOL_CONVERSION = YES;
				CLANG_WARN_CONSTANT_CONVERSION = YES;
				CLANG_WARN_DIRECT_OBJC_ISA_USAGE = YES_ERROR;
				CLANG_WARN_EMPTY_BODY = YES;
				CLANG_WARN_ENUM_CONVERSION = YES;
				CLANG_WARN_INT_CONVERSION = YES;
				CLANG_WARN_OBJC_ROOT_CLASS = YES_ERROR;
				CLANG_WARN_UNREACHABLE_CODE = YES;
				CLANG_WARN__DUPLICATE_METHOD_MATCH = YES;
				"CODE_SIGN_IDENTITY[sdk=iphoneos*]" = "iPhone Developer";
				COPY_PHASE_STRIP = NO;
				DEBUG_INFORMATION_FORMAT = "dwarf-with-dsym";
				ENABLE_STRICT_OBJC_MSGSEND = YES;
				GCC_C_LANGUAGE_STANDARD = gnu99;
				GCC_DYNAMIC_NO_PIC = NO;
				GCC_NO_COMMON_BLOCKS = YES;
				GCC_OPTIMIZATION_LEVEL = 0;
				GCC_PREPROCESSOR_DEFINITIONS = (
					"DEBUG=1",
					"$(inherited)",
				);
				GCC_SYMBOLS_PRIVATE_EXTERN = NO;
				GCC_WARN_64_TO_32_BIT_CONVERSION = YES;
				GCC_WARN_ABOUT_RETURN_TYPE = YES_ERROR;
				GCC_WARN_UNDECLARED_SELECTOR = YES;
				GCC_WARN_UNINITIALIZED_AUTOS = YES_AGGRESSIVE;
				GCC_WARN_UNUSED_FUNCTION = YES;
				GCC_WARN_UNUSED_VARIABLE = YES;
				IPHONEOS_DEPLOYMENT_TARGET = 8.4;
				MTL_ENABLE_DEBUG_INFO = YES;
				ONLY_ACTIVE_ARCH = YES;
				SDKROOT = iphoneos;
				SWIFT_OPTIMIZATION_LEVEL = "-Onone";
			};
			name = Debug;
		};
		496563301BA27C5C008F02D1 /* Release */ = {
			isa = XCBuildConfiguration;
			buildSettings = {
				ALWAYS_SEARCH_USER_PATHS = NO;
				CLANG_CXX_LANGUAGE_STANDARD = "gnu++0x";
				CLANG_CXX_LIBRARY = "libc++";
				CLANG_ENABLE_MODULES = YES;
				CLANG_ENABLE_OBJC_ARC = YES;
				CLANG_WARN_BOOL_CONVERSION = YES;
				CLANG_WARN_CONSTANT_CONVERSION = YES;
				CLANG_WARN_DIRECT_OBJC_ISA_USAGE = YES_ERROR;
				CLANG_WARN_EMPTY_BODY = YES;
				CLANG_WARN_ENUM_CONVERSION = YES;
				CLANG_WARN_INT_CONVERSION = YES;
				CLANG_WARN_OBJC_ROOT_CLASS = YES_ERROR;
				CLANG_WARN_UNREACHABLE_CODE = YES;
				CLANG_WARN__DUPLICATE_METHOD_MATCH = YES;
				"CODE_SIGN_IDENTITY[sdk=iphoneos*]" = "iPhone Developer";
				COPY_PHASE_STRIP = NO;
				DEBUG_INFORMATION_FORMAT = "dwarf-with-dsym";
				ENABLE_NS_ASSERTIONS = NO;
				ENABLE_STRICT_OBJC_MSGSEND = YES;
				GCC_C_LANGUAGE_STANDARD = gnu99;
				GCC_NO_COMMON_BLOCKS = YES;
				GCC_WARN_64_TO_32_BIT_CONVERSION = YES;
				GCC_WARN_ABOUT_RETURN_TYPE = YES_ERROR;
				GCC_WARN_UNDECLARED_SELECTOR = YES;
				GCC_WARN_UNINITIALIZED_AUTOS = YES_AGGRESSIVE;
				GCC_WARN_UNUSED_FUNCTION = YES;
				GCC_WARN_UNUSED_VARIABLE = YES;
				IPHONEOS_DEPLOYMENT_TARGET = 8.4;
				MTL_ENABLE_DEBUG_INFO = NO;
				SDKROOT = iphoneos;
				VALIDATE_PRODUCT = YES;
			};
			name = Release;
		};
		496563321BA27C5C008F02D1 /* Debug */ = {
			isa = XCBuildConfiguration;
			buildSettings = {
				ASSETCATALOG_COMPILER_APPICON_NAME = AppIcon;
				INFOPLIST_FILE = TwitterDemo/Info.plist;
				LD_RUNPATH_SEARCH_PATHS = "$(inherited) @executable_path/Frameworks";
				PRODUCT_NAME = "$(TARGET_NAME)";
			};
			name = Debug;
		};
		496563331BA27C5C008F02D1 /* Release */ = {
			isa = XCBuildConfiguration;
			buildSettings = {
				ASSETCATALOG_COMPILER_APPICON_NAME = AppIcon;
				INFOPLIST_FILE = TwitterDemo/Info.plist;
				LD_RUNPATH_SEARCH_PATHS = "$(inherited) @executable_path/Frameworks";
				PRODUCT_NAME = "$(TARGET_NAME)";
			};
			name = Release;
		};
		496563351BA27C5C008F02D1 /* Debug */ = {
			isa = XCBuildConfiguration;
			buildSettings = {
				BUNDLE_LOADER = "$(TEST_HOST)";
				FRAMEWORK_SEARCH_PATHS = (
					"$(SDKROOT)/Developer/Library/Frameworks",
					"$(inherited)",
				);
				GCC_PREPROCESSOR_DEFINITIONS = (
					"DEBUG=1",
					"$(inherited)",
				);
				INFOPLIST_FILE = TwitterDemoTests/Info.plist;
				LD_RUNPATH_SEARCH_PATHS = "$(inherited) @executable_path/Frameworks @loader_path/Frameworks";
				PRODUCT_NAME = "$(TARGET_NAME)";
				TEST_HOST = "$(BUILT_PRODUCTS_DIR)/TwitterDemo.app/TwitterDemo";
			};
			name = Debug;
		};
		496563361BA27C5C008F02D1 /* Release */ = {
			isa = XCBuildConfiguration;
			buildSettings = {
				BUNDLE_LOADER = "$(TEST_HOST)";
				FRAMEWORK_SEARCH_PATHS = (
					"$(SDKROOT)/Developer/Library/Frameworks",
					"$(inherited)",
				);
				INFOPLIST_FILE = TwitterDemoTests/Info.plist;
				LD_RUNPATH_SEARCH_PATHS = "$(inherited) @executable_path/Frameworks @loader_path/Frameworks";
				PRODUCT_NAME = "$(TARGET_NAME)";
				TEST_HOST = "$(BUILT_PRODUCTS_DIR)/TwitterDemo.app/TwitterDemo";
			};
			name = Release;
		};
/* End XCBuildConfiguration section */

/* Begin XCConfigurationList section */
		4965630D1BA27C5C008F02D1 /* Build configuration list for PBXProject "TwitterDemo" */ = {
			isa = XCConfigurationList;
			buildConfigurations = (
				4965632F1BA27C5C008F02D1 /* Debug */,
				496563301BA27C5C008F02D1 /* Release */,
			);
			defaultConfigurationIsVisible = 0;
			defaultConfigurationName = Release;
		};
		496563311BA27C5C008F02D1 /* Build configuration list for PBXNativeTarget "TwitterDemo" */ = {
			isa = XCConfigurationList;
			buildConfigurations = (
				496563321BA27C5C008F02D1 /* Debug */,
				496563331BA27C5C008F02D1 /* Release */,
			);
			defaultConfigurationIsVisible = 0;
		};
		496563341BA27C5C008F02D1 /* Build configuration list for PBXNativeTarget "TwitterDemoTests" */ = {
			isa = XCConfigurationList;
			buildConfigurations = (
				496563351BA27C5C008F02D1 /* Debug */,
				496563361BA27C5C008F02D1 /* Release */,
			);
			defaultConfigurationIsVisible = 0;
		};
/* End XCConfigurationList section */
	};
	rootObject = 4965630A1BA27C5C008F02D1 /* Project object */;
}
